
Microsoft Visual Studio Solution File, Format Version 12.00
# Visual Studio 15
VisualStudioVersion = 15.0.27004.2005
MinimumVisualStudioVersion = 10.0.40219.1
Project("{FAE04EC0-301F-11D3-BF4B-00C04F79EFBC}") = "CodeKatas", "CodeKatas\CodeKatas.csproj", "{D71FA239-F0B9-416B-A10E-0B50A8FD8D7A}"
EndProject
Project("{FAE04EC0-301F-11D3-BF4B-00C04F79EFBC}") = "CodeKatasTest", "CodeKatasTest\CodeKatasTest.csproj", "{CAD6FFD7-CEBF-4910-A343-560A38609BE2}"
EndProject
Global
	GlobalSection(SolutionConfigurationPlatforms) = preSolution
		Debug|Any CPU = Debug|Any CPU
		Release|Any CPU = Release|Any CPU
	EndGlobalSection
	GlobalSection(ProjectConfigurationPlatforms) = postSolution
		{D71FA239-F0B9-416B-A10E-0B50A8FD8D7A}.Debug|Any CPU.ActiveCfg = Debug|Any CPU
		{D71FA239-F0B9-416B-A10E-0B50A8FD8D7A}.Debug|Any CPU.Build.0 = Debug|Any CPU
		{D71FA239-F0B9-416B-A10E-0B50A8FD8D7A}.Release|Any CPU.ActiveCfg = Release|Any CPU
		{D71FA239-F0B9-416B-A10E-0B50A8FD8D7A}.Release|Any CPU.Build.0 = Release|Any CPU
		{CAD6FFD7-CEBF-4910-A343-560A38609BE2}.Debug|Any CPU.ActiveCfg = Debug|Any CPU
		{CAD6FFD7-CEBF-4910-A343-560A38609BE2}.Debug|Any CPU.Build.0 = Debug|Any CPU
		{CAD6FFD7-CEBF-4910-A343-560A38609BE2}.Release|Any CPU.ActiveCfg = Release|Any CPU
		{CAD6FFD7-CEBF-4910-A343-560A38609BE2}.Release|Any CPU.Build.0 = Release|Any CPU
	EndGlobalSection
	GlobalSection(SolutionProperties) = preSolution
		HideSolutionNode = FALSE
	EndGlobalSection
	GlobalSection(ExtensibilityGlobals) = postSolution
		SolutionGuid = {72917E85-CA07-42D7-B178-9E212DACC4E4}
	EndGlobalSection
EndGlobal
